# This file is automatically @generated by Poetry 1.4.2 and should not be changed by hand.

[[package]]
name = "click"
version = "8.1.3"
description = "Composable command line interface toolkit"
category = "main"
optional = false
python-versions = ">=3.7"
files = [
    {file = "click-8.1.3-py3-none-any.whl", hash = "sha256:bb4d8133cb15a609f44e8213d9b391b0809795062913b383c62be0ee95b1db48"},
    {file = "click-8.1.3.tar.gz", hash = "sha256:7682dc8afb30297001674575ea00d1814d808d6a36af415a82bd481d37ba7b8e"},
]

[package.dependencies]
colorama = {version = "*", markers = "platform_system == \"Windows\""}

[[package]]
name = "colorama"
version = "0.4.6"
description = "Cross-platform colored terminal text."
category = "main"
optional = false
python-versions = "!=3.0.*,!=3.1.*,!=3.2.*,!=3.3.*,!=3.4.*,!=3.5.*,!=3.6.*,>=2.7"
files = [
    {file = "colorama-0.4.6-py2.py3-none-any.whl", hash = "sha256:4f1d9991f5acc0ca119f9d443620b77f9d6b33703e51011c16baf57afb285fc6"},
    {file = "colorama-0.4.6.tar.gz", hash = "sha256:08695f5cb7ed6e0531a20572697297273c47b8cae5a63ffc6d6ed5c201be6e44"},
]

[[package]]
name = "pycryptodomex"
version = "3.17"
description = "Cryptographic library for Python"
category = "main"
optional = false
python-versions = ">=2.7, !=3.0.*, !=3.1.*, !=3.2.*, !=3.3.*, !=3.4.*"
files = [
    {file = "pycryptodomex-3.17-cp27-cp27m-macosx_10_9_x86_64.whl", hash = "sha256:12056c38e49d972f9c553a3d598425f8a1c1d35b2e4330f89d5ff1ffb70de041"},
    {file = "pycryptodomex-3.17-cp27-cp27m-manylinux2010_i686.whl", hash = "sha256:ab33c2d9f275e05e235dbca1063753b5346af4a5cac34a51fa0da0d4edfb21d7"},
    {file = "pycryptodomex-3.17-cp27-cp27m-manylinux2010_x86_64.whl", hash = "sha256:caa937ff29d07a665dfcfd7a84f0d4207b2ebf483362fa9054041d67fdfacc20"},
    {file = "pycryptodomex-3.17-cp27-cp27m-manylinux2014_aarch64.whl", hash = "sha256:db23d7341e21b273d2440ec6faf6c8b1ca95c8894da612e165be0b89a8688340"},
    {file = "pycryptodomex-3.17-cp27-cp27m-musllinux_1_1_aarch64.whl", hash = "sha256:f854c8476512cebe6a8681cc4789e4fcff6019c17baa0fd72b459155dc605ab4"},
    {file = "pycryptodomex-3.17-cp27-cp27m-win32.whl", hash = "sha256:a57e3257bacd719769110f1f70dd901c5b6955e9596ad403af11a3e6e7e3311c"},
    {file = "pycryptodomex-3.17-cp27-cp27m-win_amd64.whl", hash = "sha256:d38ab9e53b1c09608ba2d9b8b888f1e75d6f66e2787e437adb1fecbffec6b112"},
    {file = "pycryptodomex-3.17-cp27-cp27mu-manylinux2010_i686.whl", hash = "sha256:3c2516b42437ae6c7a29ef3ddc73c8d4714e7b6df995b76be4695bbe4b3b5cd2"},
    {file = "pycryptodomex-3.17-cp27-cp27mu-manylinux2010_x86_64.whl", hash = "sha256:5c23482860302d0d9883404eaaa54b0615eefa5274f70529703e2c43cc571827"},
    {file = "pycryptodomex-3.17-cp27-cp27mu-manylinux2014_aarch64.whl", hash = "sha256:7a8dc3ee7a99aae202a4db52de5a08aa4d01831eb403c4d21da04ec2f79810db"},
    {file = "pycryptodomex-3.17-cp27-cp27mu-musllinux_1_1_aarch64.whl", hash = "sha256:7cc28dd33f1f3662d6da28ead4f9891035f63f49d30267d3b41194c8778997c8"},
    {file = "pycryptodomex-3.17-cp35-abi3-macosx_10_9_universal2.whl", hash = "sha256:2d4d395f109faba34067a08de36304e846c791808524614c731431ee048fe70a"},
    {file = "pycryptodomex-3.17-cp35-abi3-macosx_10_9_x86_64.whl", hash = "sha256:55eed98b4150a744920597c81b3965b632038781bab8a08a12ea1d004213c600"},
    {file = "pycryptodomex-3.17-cp35-abi3-manylinux2014_aarch64.whl", hash = "sha256:7fa0b52df90343fafe319257b31d909be1d2e8852277fb0376ba89d26d2921db"},
    {file = "pycryptodomex-3.17-cp35-abi3-manylinux_2_17_x86_64.manylinux2014_x86_64.whl", hash = "sha256:78f0ddd4adc64baa39b416f3637aaf99f45acb0bcdc16706f0cc7ebfc6f10109"},
    {file = "pycryptodomex-3.17-cp35-abi3-manylinux_2_5_i686.manylinux1_i686.manylinux_2_17_i686.manylinux2014_i686.whl", hash = "sha256:a4fa037078e92c7cc49f6789a8bac3de06856740bb2038d05f2d9a2e4b165d59"},
    {file = "pycryptodomex-3.17-cp35-abi3-musllinux_1_1_aarch64.whl", hash = "sha256:88b0d5bb87eaf2a31e8a759302b89cf30c97f2f8ca7d83b8c9208abe8acb447a"},
    {file = "pycryptodomex-3.17-cp35-abi3-musllinux_1_1_i686.whl", hash = "sha256:6feedf4b0e36b395329b4186a805f60f900129cdf0170e120ecabbfcb763995d"},
    {file = "pycryptodomex-3.17-cp35-abi3-musllinux_1_1_x86_64.whl", hash = "sha256:7a6651a07f67c28b6e978d63aa3a3fccea0feefed9a8453af3f7421a758461b7"},
    {file = "pycryptodomex-3.17-cp35-abi3-win32.whl", hash = "sha256:32e764322e902bbfac49ca1446604d2839381bbbdd5a57920c9daaf2e0b778df"},
    {file = "pycryptodomex-3.17-cp35-abi3-win_amd64.whl", hash = "sha256:4b51e826f0a04d832eda0790bbd0665d9bfe73e5a4d8ea93b6a9b38beeebe935"},
    {file = "pycryptodomex-3.17-pp27-pypy_73-macosx_10_9_x86_64.whl", hash = "sha256:d4cf0128da167562c49b0e034f09e9cedd733997354f2314837c2fa461c87bb1"},
    {file = "pycryptodomex-3.17-pp27-pypy_73-manylinux2010_x86_64.whl", hash = "sha256:c92537b596bd5bffb82f8964cabb9fef1bca8a28a9e0a69ffd3ec92a4a7ad41b"},
    {file = "pycryptodomex-3.17-pp27-pypy_73-win32.whl", hash = "sha256:599bb4ae4bbd614ca05f49bd4e672b7a250b80b13ae1238f05fd0f09d87ed80a"},
    {file = "pycryptodomex-3.17-pp38-pypy38_pp73-macosx_10_9_x86_64.whl", hash = "sha256:4c4674f4b040321055c596aac926d12f7f6859dfe98cd12f4d9453b43ab6adc8"},
    {file = "pycryptodomex-3.17-pp38-pypy38_pp73-manylinux_2_17_x86_64.manylinux2014_x86_64.whl", hash = "sha256:67a3648025e4ddb72d43addab764336ba2e670c8377dba5dd752e42285440d31"},
    {file = "pycryptodomex-3.17-pp38-pypy38_pp73-manylinux_2_5_i686.manylinux1_i686.manylinux_2_17_i686.manylinux2014_i686.whl", hash = "sha256:40e8a11f578bd0851b02719c862d55d3ee18d906c8b68a9c09f8c564d6bb5b92"},
    {file = "pycryptodomex-3.17-pp38-pypy38_pp73-win_amd64.whl", hash = "sha256:23d83b610bd97704f0cd3acc48d99b76a15c8c1540d8665c94d514a49905bad7"},
    {file = "pycryptodomex-3.17-pp39-pypy39_pp73-macosx_10_9_x86_64.whl", hash = "sha256:fd29d35ac80755e5c0a99d96b44fb9abbd7e871849581ea6a4cb826d24267537"},
    {file = "pycryptodomex-3.17-pp39-pypy39_pp73-manylinux_2_17_x86_64.manylinux2014_x86_64.whl", hash = "sha256:64b876d57cb894b31056ad8dd6a6ae1099b117ae07a3d39707221133490e5715"},
    {file = "pycryptodomex-3.17-pp39-pypy39_pp73-manylinux_2_5_i686.manylinux1_i686.manylinux_2_17_i686.manylinux2014_i686.whl", hash = "sha256:ee8bf4fdcad7d66beb744957db8717afc12d176e3fd9c5d106835133881a049b"},
    {file = "pycryptodomex-3.17-pp39-pypy39_pp73-win_amd64.whl", hash = "sha256:c84689c73358dfc23f9fdcff2cb9e7856e65e2ce3b5ed8ff630d4c9bdeb1867b"},
    {file = "pycryptodomex-3.17.tar.gz", hash = "sha256:0af93aad8d62e810247beedef0261c148790c52f3cd33643791cc6396dd217c1"},
]

[[package]]
name = "pyside6"
version = "6.5.1"
description = "Python bindings for the Qt cross-platform application and UI framework"
category = "main"
optional = false
python-versions = "<3.12,>=3.7"
files = [
    {file = "PySide6-6.5.1-cp37-abi3-macosx_10_9_universal2.whl", hash = "sha256:00069045509a0d7274ad9cf79bd935a126b2d73ef9f9ae81bb5d62ca8b79ea00"},
    {file = "PySide6-6.5.1-cp37-abi3-manylinux_2_28_x86_64.whl", hash = "sha256:0236f3cc2d293fe755be9d1c85a3d955738d3e8667d55a7e76889366b0a31122"},
    {file = "PySide6-6.5.1-cp37-abi3-win_amd64.whl", hash = "sha256:e1f46b654048f83a14705447564536024cbb9eccd8a60116f557a5d10725c85e"},
    {file = "PySide6-6.5.1-pp39-pypy39_pp73-macosx_10_9_universal2.whl", hash = "sha256:365022e61bbcbcec9dde6a0afa5375948054edb5e38e06ddf4f902ac3dd6f50c"},
    {file = "PySide6-6.5.1-pp39-pypy39_pp73-manylinux_2_28_x86_64.whl", hash = "sha256:e45a60044ddf663920506cac6f92b6eff08b436465a752a444fed4dd35aed6eb"},
    {file = "PySide6-6.5.1-pp39-pypy39_pp73-win_amd64.whl", hash = "sha256:e85dc1b14f9dbaa322099c56ab75c09dbe40429c6918b8a3e8901333d8f73722"},
]

[package.dependencies]
PySide6-Addons = "6.5.1"
PySide6-Essentials = "6.5.1"
shiboken6 = "6.5.1"

[[package]]
name = "pyside6-addons"
version = "6.5.1"
description = "Python bindings for the Qt cross-platform application and UI framework (Addons)"
category = "main"
optional = false
python-versions = "<3.12,>=3.7"
files = [
    {file = "PySide6_Addons-6.5.1-cp37-abi3-macosx_10_9_universal2.whl", hash = "sha256:fb76a18708f4f1eb6be52255e27f33ea9d4a303efd9c2ce204c6d578692de699"},
    {file = "PySide6_Addons-6.5.1-cp37-abi3-manylinux_2_28_x86_64.whl", hash = "sha256:dd8cb8ac79685f48e442a2683206fe75d7cb8cbeeda9e9c2504fca86932d532a"},
    {file = "PySide6_Addons-6.5.1-cp37-abi3-win_amd64.whl", hash = "sha256:d208d1558845c9cb1185d720f7ae0dbe584bedda9cfd163af693952d6922f70a"},
    {file = "PySide6_Addons-6.5.1-pp39-pypy39_pp73-macosx_10_9_universal2.whl", hash = "sha256:48792783d43408e905c483f64cfea684f79bac1245cfb14c9d42ad2ab3a38f8f"},
    {file = "PySide6_Addons-6.5.1-pp39-pypy39_pp73-manylinux_2_28_x86_64.whl", hash = "sha256:72a7ef1d38cc09541c8d277851c17c3b34c5fe9f766e71224122d0e382d1ac26"},
    {file = "PySide6_Addons-6.5.1-pp39-pypy39_pp73-win_amd64.whl", hash = "sha256:68f72db78f2f0daa73382a079788cd1ce7d4f1a10ea58a69dcbf1eaa3c2699d7"},
]

[package.dependencies]
PySide6-Essentials = "6.5.1"
shiboken6 = "6.5.1"

[[package]]
name = "pyside6-essentials"
version = "6.5.1"
description = "Python bindings for the Qt cross-platform application and UI framework (Essentials)"
category = "main"
optional = false
python-versions = "<3.12,>=3.7"
files = [
    {file = "PySide6_Essentials-6.5.1-cp37-abi3-macosx_10_9_universal2.whl", hash = "sha256:09884ace7574b64d33a0fe53b6185d1ffcd8cc5fa3451169b12b9ac1ea7e9951"},
    {file = "PySide6_Essentials-6.5.1-cp37-abi3-manylinux_2_28_x86_64.whl", hash = "sha256:b893e901724376c556abc6e4e7a88ec2b60483752c4af62692f71ae01d8c6824"},
    {file = "PySide6_Essentials-6.5.1-cp37-abi3-win_amd64.whl", hash = "sha256:6169239731646b81a7b325562f4e99dee4160db757370914c77030538de4dd47"},
    {file = "PySide6_Essentials-6.5.1-pp39-pypy39_pp73-macosx_10_9_universal2.whl", hash = "sha256:dd2d5fe5af688090849e59ca4afa11330b9236913bf18f84825b0d074f553e16"},
    {file = "PySide6_Essentials-6.5.1-pp39-pypy39_pp73-manylinux_2_28_x86_64.whl", hash = "sha256:475d32118242aea4236ce5a77f9eeb027a34cf05684763d24a8abe112f24029c"},
    {file = "PySide6_Essentials-6.5.1-pp39-pypy39_pp73-win_amd64.whl", hash = "sha256:a7d2ec3ec43ca76c21bcc4a807e0e5d64a3376ba0c9fe1e90fb7cda923b6784c"},
]

[package.dependencies]
shiboken6 = "6.5.1"

[[package]]
name = "pysimplegui"
version = "4.60.4"
description = "Python GUIs for Humans. Launched in 2018. It's 2022 & PySimpleGUI is an ACTIVE & supported project. Super-simple to create custom GUI's. 325+ Demo programs & Cookbook for rapid start. Extensive documentation. Main docs at www.PySimpleGUI.org. Fun & your success are the focus. Examples using Machine Learning (GUI, OpenCV Integration), Rainmeter Style Desktop Widgets, Matplotlib + Pyplot, PIL support, add GUI to command line scripts, PDF & Image Viewers. Great for beginners & advanced GUI programmers."
category = "main"
optional = false
python-versions = "*"
files = [
    {file = "PySimpleGUI-4.60.4-py3-none-any.whl", hash = "sha256:e133fbd21779f0f125cebbc2a4e1f5a931a383738661013ff33ad525d5611eda"},
    {file = "PySimpleGUI-4.60.4.tar.gz", hash = "sha256:f88c82c301a51aea35be605dc060bcceb0dcb6682e16280544884701ab4b23ba"},
]

[[package]]
name = "shiboken6"
version = "6.5.1"
description = "Python/C++ bindings helper module"
category = "main"
optional = false
python-versions = "<3.12,>=3.7"
files = [
    {file = "shiboken6-6.5.1-cp37-abi3-macosx_10_9_universal2.whl", hash = "sha256:3a832110f752228e3e0c30a86a6c3fc2770148c2999c15c8fc259c03cce1e065"},
    {file = "shiboken6-6.5.1-cp37-abi3-manylinux_2_28_x86_64.whl", hash = "sha256:d9b3724772d5e98868ea6718a8d866ab3591ee3300febc74b00b32aaa0e4d295"},
    {file = "shiboken6-6.5.1-cp37-abi3-win_amd64.whl", hash = "sha256:40313ea1c940e7c6fd26651b166b5ddb3db850374d29c74342a74dbba92ba61b"},
    {file = "shiboken6-6.5.1-pp39-pypy39_pp73-macosx_10_9_universal2.whl", hash = "sha256:0f8744f06a8518476626230c85b1246a95f650cf739c06ee2b6f8a9124f1e8c0"},
    {file = "shiboken6-6.5.1-pp39-pypy39_pp73-manylinux_2_28_x86_64.whl", hash = "sha256:8a0828ed237d16124376a97888a62ffe8243f3c623c87d204483d1d5b4511968"},
    {file = "shiboken6-6.5.1-pp39-pypy39_pp73-win_amd64.whl", hash = "sha256:5619e6318228e85194cbb7966e3e05bf815305e85edf0f02af19156ba8506d5d"},
]

[metadata]
lock-version = "2.0"
python-versions = ">=3.11,<3.12"
content-hash = "099c80ff8054dcd240b386b3ed1c6a3a542b03f01addad3f63dbae57d6de337e"
